schema: '2.0'
stages:
  load_data:
    cmd: python src/stage_01_load_ans_save.py --config=params.yaml
    deps:
    - path: src/stage_01_load_ans_save.py
      md5: 6d7a88be953f4d63c7547ecb86e93dbd
      size: 940
    params:
      params.yaml:
        artifacts.raw_local_data: artifacts/raw_local_data_dir/data.csv
        data_source.s3_source: /Users/kashifjilani/Downloads/winequality-red.csv
    outs:
    - path: artifacts/raw_local_data_dir/data.csv
      md5: 7c92f1ee593c0fbd2ad8c67ba5c446df
      size: 91999
  split_data:
    cmd: python src/stage_02_split_data.py --config=params.yaml
    deps:
    - path: artifacts/raw_local_data_dir/data.csv
      md5: 7c92f1ee593c0fbd2ad8c67ba5c446df
      size: 91999
    - path: src/stage_02_split_data.py
      md5: 234a843eedeafc7a87d4ba4fe8a22f7c
      size: 1207
    params:
      params.yaml:
        artifacts.raw_local_data: artifacts/raw_local_data_dir/data.csv
        artifacts.split_data.processed_data_dir: artifacts/processed_data
        artifacts.split_data.test_path: artifacts/processed_data/test.csv
        artifacts.split_data.train_path: artifacts/processed_data/train.csv
        base.random_state: 42
        base.test_size: 0.2
    outs:
    - path: artifacts/processed_data/test.csv
      md5: b31a4073fa82bc444fd5683cb5cf7e76
      size: 18511
    - path: artifacts/processed_data/train.csv
      md5: 0196b80fbeb701453fe0052e35635db2
      size: 73634
  train:
    cmd: python src/stage_03_train.py --config=params.yaml
    deps:
    - path: artifacts/processed_data/train.csv
      md5: 0196b80fbeb701453fe0052e35635db2
      size: 73634
    - path: src/stage_03_train.py
      md5: b38ad362c7ceec6b5b233b39f28f23f8
      size: 1610
    params:
      params.yaml:
        artifacts.split_data.train_path: artifacts/processed_data/train.csv
        base.random_state: 42
        base.target_col: quality
        estimators.ElasticNet.params.alpha: 0.9
        estimators.ElasticNet.params.l1_ratio: 0.4
    outs:
    - path: artifacts/report/params.json
      md5: a4aab0167612f21a6085dd05cfafdbf6
      size: 41
    - path: artifacts/saved_models/model.joblib
      md5: 77de751cbaef77ab94bcfc4609dd88ac
      size: 1369
  evaluate:
    cmd: python src/stage_04_evaluate.py --config=params.yaml
    deps:
    - path: artifacts/processed_data/test.csv
      md5: b31a4073fa82bc444fd5683cb5cf7e76
      size: 18511
    - path: artifacts/saved_models/model.joblib
      md5: 77de751cbaef77ab94bcfc4609dd88ac
      size: 1369
    - path: src/stage_04_evaluate.py
      md5: 562d2980d3bf14b5470e9dcce675d4d7
      size: 1334
    params:
      params.yaml:
        artifacts.split_data.test_path: artifacts/processed_data/test.csv
        base.target_col: quality
    outs:
    - path: artifacts/report/scores.json
      md5: 1c9a9df1c352280cc91743931c1b864f
      size: 97
